
Microsoft Visual Studio Solution File, Format Version 12.00
# Visual Studio Version 17
VisualStudioVersion = 17.8.34330.188
MinimumVisualStudioVersion = 10.0.40219.1
Project("{FAE04EC0-301F-11D3-BF4B-00C04F79EFBC}") = "WinFormsApp1", "WinFormsApp1\WinFormsApp1.csproj", "{B3F29498-1EAA-4F3D-BABC-C91D1D3DBDAC}"
EndProject
Global
	GlobalSection(SolutionConfigurationPlatforms) = preSolution
		Debug|Any CPU = Debug|Any CPU
		Release|Any CPU = Release|Any CPU
	EndGlobalSection
	GlobalSection(ProjectConfigurationPlatforms) = postSolution
		{B3F29498-1EAA-4F3D-BABC-C91D1D3DBDAC}.Debug|Any CPU.ActiveCfg = Debug|Any CPU
		{B3F29498-1EAA-4F3D-BABC-C91D1D3DBDAC}.Debug|Any CPU.Build.0 = Debug|Any CPU
		{B3F29498-1EAA-4F3D-BABC-C91D1D3DBDAC}.Release|Any CPU.ActiveCfg = Release|Any CPU
		{B3F29498-1EAA-4F3D-BABC-C91D1D3DBDAC}.Release|Any CPU.Build.0 = Release|Any CPU
	EndGlobalSection
	GlobalSection(SolutionProperties) = preSolution
		HideSolutionNode = FALSE
	EndGlobalSection
	GlobalSection(ExtensibilityGlobals) = postSolution
		SolutionGuid = {A033BF0A-12EC-45CD-9953-B6923E9BC34F}
	EndGlobalSection
EndGlobal
