
Microsoft Visual Studio Solution File, Format Version 12.00
# Visual Studio Version 17
VisualStudioVersion = 17.8.34330.188
MinimumVisualStudioVersion = 10.0.40219.1
Project("{F184B08F-C81C-45F6-A57F-5ABD9991F28F}") = "14.12.2023", "14.12.2023\14.12.2023.vbproj", "{AA10FED8-B521-4C6E-B721-0C4E04C7379D}"
EndProject
Global
	GlobalSection(SolutionConfigurationPlatforms) = preSolution
		Debug|Any CPU = Debug|Any CPU
		Release|Any CPU = Release|Any CPU
	EndGlobalSection
	GlobalSection(ProjectConfigurationPlatforms) = postSolution
		{AA10FED8-B521-4C6E-B721-0C4E04C7379D}.Debug|Any CPU.ActiveCfg = Debug|Any CPU
		{AA10FED8-B521-4C6E-B721-0C4E04C7379D}.Debug|Any CPU.Build.0 = Debug|Any CPU
		{AA10FED8-B521-4C6E-B721-0C4E04C7379D}.Release|Any CPU.ActiveCfg = Release|Any CPU
		{AA10FED8-B521-4C6E-B721-0C4E04C7379D}.Release|Any CPU.Build.0 = Release|Any CPU
	EndGlobalSection
	GlobalSection(SolutionProperties) = preSolution
		HideSolutionNode = FALSE
	EndGlobalSection
	GlobalSection(ExtensibilityGlobals) = postSolution
		SolutionGuid = {5AACFAE3-6AD3-4795-8117-EAB53FF22864}
	EndGlobalSection
EndGlobal
